
Microsoft Visual Studio Solution File, Format Version 12.00
# Visual Studio Version 17
VisualStudioVersion = 17.2.32516.85
MinimumVisualStudioVersion = 10.0.40219.1
Project("{9A19103F-16F7-4668-BE54-9A1E7A4F7556}") = "HelloEnterprise.Database", "HelloEnterprise.Database\HelloEnterprise.Database.csproj", "{3C98691D-3E22-4417-873E-D38172F258E0}"
EndProject
Project("{9A19103F-16F7-4668-BE54-9A1E7A4F7556}") = "HelloEnterprise.Domain", "HelloEnterprise.Domain\HelloEnterprise.Domain.csproj", "{0D9FB221-0799-41F8-AAA7-B47AAB17E48B}"
EndProject
Project("{9A19103F-16F7-4668-BE54-9A1E7A4F7556}") = "HelloEnterprise.WebAPI", "HelloEnterprise.WebAPI\HelloEnterprise.WebAPI.csproj", "{F54177B2-63BC-4A75-B314-1A11E5D5B747}"
EndProject
Project("{9A19103F-16F7-4668-BE54-9A1E7A4F7556}") = "HelloEnterprise.WebContract", "HelloEnterprise.WebContract\HelloEnterprise.WebContract.csproj", "{7C23944D-5FAB-45C2-9EC8-517492BD337D}"
EndProject
Project("{FAE04EC0-301F-11D3-BF4B-00C04F79EFBC}") = "HelloEnterprise.Frontend.Server", "HelloEnterprise.Frontend\Server\HelloEnterprise.Frontend.Server.csproj", "{690FDD6E-8308-48DA-80BF-FDD422A54CFB}"
EndProject
Project("{FAE04EC0-301F-11D3-BF4B-00C04F79EFBC}") = "HelloEnterprise.Frontend.Client", "HelloEnterprise.Frontend\Client\HelloEnterprise.Frontend.Client.csproj", "{776242C0-D8F1-4E10-A80F-6094C32441FD}"
EndProject
Project("{FAE04EC0-301F-11D3-BF4B-00C04F79EFBC}") = "HelloEnterprise.Frontend.Shared", "HelloEnterprise.Frontend\Shared\HelloEnterprise.Frontend.Shared.csproj", "{9870F051-D7F8-4C97-87D3-EA58598C9175}"
EndProject
Project("{FAE04EC0-301F-11D3-BF4B-00C04F79EFBC}") = "HelloEnterprise.BackgroundJob", "HelloEnterprise.BackgroundJob\HelloEnterprise.BackgroundJob.csproj", "{93FEFAC8-6694-4930-9F47-7CCD10444F1F}"
EndProject
Global
	GlobalSection(SolutionConfigurationPlatforms) = preSolution
		Debug|Any CPU = Debug|Any CPU
		Release|Any CPU = Release|Any CPU
	EndGlobalSection
	GlobalSection(ProjectConfigurationPlatforms) = postSolution
		{3C98691D-3E22-4417-873E-D38172F258E0}.Debug|Any CPU.ActiveCfg = Debug|Any CPU
		{3C98691D-3E22-4417-873E-D38172F258E0}.Debug|Any CPU.Build.0 = Debug|Any CPU
		{3C98691D-3E22-4417-873E-D38172F258E0}.Release|Any CPU.ActiveCfg = Release|Any CPU
		{3C98691D-3E22-4417-873E-D38172F258E0}.Release|Any CPU.Build.0 = Release|Any CPU
		{0D9FB221-0799-41F8-AAA7-B47AAB17E48B}.Debug|Any CPU.ActiveCfg = Debug|Any CPU
		{0D9FB221-0799-41F8-AAA7-B47AAB17E48B}.Debug|Any CPU.Build.0 = Debug|Any CPU
		{0D9FB221-0799-41F8-AAA7-B47AAB17E48B}.Release|Any CPU.ActiveCfg = Release|Any CPU
		{0D9FB221-0799-41F8-AAA7-B47AAB17E48B}.Release|Any CPU.Build.0 = Release|Any CPU
		{F54177B2-63BC-4A75-B314-1A11E5D5B747}.Debug|Any CPU.ActiveCfg = Debug|Any CPU
		{F54177B2-63BC-4A75-B314-1A11E5D5B747}.Debug|Any CPU.Build.0 = Debug|Any CPU
		{F54177B2-63BC-4A75-B314-1A11E5D5B747}.Release|Any CPU.ActiveCfg = Release|Any CPU
		{F54177B2-63BC-4A75-B314-1A11E5D5B747}.Release|Any CPU.Build.0 = Release|Any CPU
		{7C23944D-5FAB-45C2-9EC8-517492BD337D}.Debug|Any CPU.ActiveCfg = Debug|Any CPU
		{7C23944D-5FAB-45C2-9EC8-517492BD337D}.Debug|Any CPU.Build.0 = Debug|Any CPU
		{7C23944D-5FAB-45C2-9EC8-517492BD337D}.Release|Any CPU.ActiveCfg = Release|Any CPU
		{7C23944D-5FAB-45C2-9EC8-517492BD337D}.Release|Any CPU.Build.0 = Release|Any CPU
		{690FDD6E-8308-48DA-80BF-FDD422A54CFB}.Debug|Any CPU.ActiveCfg = Debug|Any CPU
		{690FDD6E-8308-48DA-80BF-FDD422A54CFB}.Debug|Any CPU.Build.0 = Debug|Any CPU
		{690FDD6E-8308-48DA-80BF-FDD422A54CFB}.Release|Any CPU.ActiveCfg = Release|Any CPU
		{690FDD6E-8308-48DA-80BF-FDD422A54CFB}.Release|Any CPU.Build.0 = Release|Any CPU
		{776242C0-D8F1-4E10-A80F-6094C32441FD}.Debug|Any CPU.ActiveCfg = Debug|Any CPU
		{776242C0-D8F1-4E10-A80F-6094C32441FD}.Debug|Any CPU.Build.0 = Debug|Any CPU
		{776242C0-D8F1-4E10-A80F-6094C32441FD}.Release|Any CPU.ActiveCfg = Release|Any CPU
		{776242C0-D8F1-4E10-A80F-6094C32441FD}.Release|Any CPU.Build.0 = Release|Any CPU
		{9870F051-D7F8-4C97-87D3-EA58598C9175}.Debug|Any CPU.ActiveCfg = Debug|Any CPU
		{9870F051-D7F8-4C97-87D3-EA58598C9175}.Debug|Any CPU.Build.0 = Debug|Any CPU
		{9870F051-D7F8-4C97-87D3-EA58598C9175}.Release|Any CPU.ActiveCfg = Release|Any CPU
		{9870F051-D7F8-4C97-87D3-EA58598C9175}.Release|Any CPU.Build.0 = Release|Any CPU
		{93FEFAC8-6694-4930-9F47-7CCD10444F1F}.Debug|Any CPU.ActiveCfg = Debug|Any CPU
		{93FEFAC8-6694-4930-9F47-7CCD10444F1F}.Debug|Any CPU.Build.0 = Debug|Any CPU
		{93FEFAC8-6694-4930-9F47-7CCD10444F1F}.Release|Any CPU.ActiveCfg = Release|Any CPU
		{93FEFAC8-6694-4930-9F47-7CCD10444F1F}.Release|Any CPU.Build.0 = Release|Any CPU
	EndGlobalSection
	GlobalSection(SolutionProperties) = preSolution
		HideSolutionNode = FALSE
	EndGlobalSection
	GlobalSection(ExtensibilityGlobals) = postSolution
		SolutionGuid = {E5787E06-3D04-4ABC-AD31-D9637001890E}
	EndGlobalSection
EndGlobal
